
Microsoft Visual Studio Solution File, Format Version 12.00
# Visual Studio Version 17
VisualStudioVersion = 17.6.33829.357
MinimumVisualStudioVersion = 10.0.40219.1
Project("{FAE04EC0-301F-11D3-BF4B-00C04F79EFBC}") = "Day 1_Introduction & Setup", "Day 1_Introduction & Setup.csproj", "{090ED4E6-B18D-427F-87C0-0B157009DC32}"
EndProject
Global
	GlobalSection(SolutionConfigurationPlatforms) = preSolution
		Debug|Any CPU = Debug|Any CPU
		Release|Any CPU = Release|Any CPU
	EndGlobalSection
	GlobalSection(ProjectConfigurationPlatforms) = postSolution
		{090ED4E6-B18D-427F-87C0-0B157009DC32}.Debug|Any CPU.ActiveCfg = Debug|Any CPU
		{090ED4E6-B18D-427F-87C0-0B157009DC32}.Debug|Any CPU.Build.0 = Debug|Any CPU
		{090ED4E6-B18D-427F-87C0-0B157009DC32}.Release|Any CPU.ActiveCfg = Release|Any CPU
		{090ED4E6-B18D-427F-87C0-0B157009DC32}.Release|Any CPU.Build.0 = Release|Any CPU
	EndGlobalSection
	GlobalSection(SolutionProperties) = preSolution
		HideSolutionNode = FALSE
	EndGlobalSection
	GlobalSection(ExtensibilityGlobals) = postSolution
		SolutionGuid = {2F213916-17A3-4D59-9A78-601886E11111}
	EndGlobalSection
EndGlobal
