
Microsoft Visual Studio Solution File, Format Version 12.00
# Visual Studio Version 17
VisualStudioVersion = 17.6.33829.357
MinimumVisualStudioVersion = 10.0.40219.1
Project("{FAE04EC0-301F-11D3-BF4B-00C04F79EFBC}") = "Day 12 Interfaces", "Day 12 Interfaces.csproj", "{99874474-9F03-4087-8E94-D6F3AD91722C}"
EndProject
Global
	GlobalSection(SolutionConfigurationPlatforms) = preSolution
		Debug|Any CPU = Debug|Any CPU
		Release|Any CPU = Release|Any CPU
	EndGlobalSection
	GlobalSection(ProjectConfigurationPlatforms) = postSolution
		{99874474-9F03-4087-8E94-D6F3AD91722C}.Debug|Any CPU.ActiveCfg = Debug|Any CPU
		{99874474-9F03-4087-8E94-D6F3AD91722C}.Debug|Any CPU.Build.0 = Debug|Any CPU
		{99874474-9F03-4087-8E94-D6F3AD91722C}.Release|Any CPU.ActiveCfg = Release|Any CPU
		{99874474-9F03-4087-8E94-D6F3AD91722C}.Release|Any CPU.Build.0 = Release|Any CPU
	EndGlobalSection
	GlobalSection(SolutionProperties) = preSolution
		HideSolutionNode = FALSE
	EndGlobalSection
	GlobalSection(ExtensibilityGlobals) = postSolution
		SolutionGuid = {5ADA64D7-A3E5-4881-9215-847989FEE9D3}
	EndGlobalSection
EndGlobal
