
Microsoft Visual Studio Solution File, Format Version 12.00
# Visual Studio Version 17
VisualStudioVersion = 17.6.33829.357
MinimumVisualStudioVersion = 10.0.40219.1
Project("{FAE04EC0-301F-11D3-BF4B-00C04F79EFBC}") = "Day_2_basic_syntax", "Day_2_basic_syntax.csproj", "{5A2F317E-422A-48DA-BB88-921676973319}"
EndProject
Global
	GlobalSection(SolutionConfigurationPlatforms) = preSolution
		Debug|Any CPU = Debug|Any CPU
		Release|Any CPU = Release|Any CPU
	EndGlobalSection
	GlobalSection(ProjectConfigurationPlatforms) = postSolution
		{5A2F317E-422A-48DA-BB88-921676973319}.Debug|Any CPU.ActiveCfg = Debug|Any CPU
		{5A2F317E-422A-48DA-BB88-921676973319}.Debug|Any CPU.Build.0 = Debug|Any CPU
		{5A2F317E-422A-48DA-BB88-921676973319}.Release|Any CPU.ActiveCfg = Release|Any CPU
		{5A2F317E-422A-48DA-BB88-921676973319}.Release|Any CPU.Build.0 = Release|Any CPU
	EndGlobalSection
	GlobalSection(SolutionProperties) = preSolution
		HideSolutionNode = FALSE
	EndGlobalSection
	GlobalSection(ExtensibilityGlobals) = postSolution
		SolutionGuid = {457C0F3C-A3FA-4D72-9632-6CD9320EB475}
	EndGlobalSection
EndGlobal
