
Microsoft Visual Studio Solution File, Format Version 12.00
# Visual Studio Version 17
VisualStudioVersion = 17.6.33829.357
MinimumVisualStudioVersion = 10.0.40219.1
Project("{FAE04EC0-301F-11D3-BF4B-00C04F79EFBC}") = "Day_7_List_Collactions", "Day_7_List_Collactions.csproj", "{9BC5B0A1-60FD-4681-AFD8-047BC15B741F}"
EndProject
Global
	GlobalSection(SolutionConfigurationPlatforms) = preSolution
		Debug|Any CPU = Debug|Any CPU
		Release|Any CPU = Release|Any CPU
	EndGlobalSection
	GlobalSection(ProjectConfigurationPlatforms) = postSolution
		{9BC5B0A1-60FD-4681-AFD8-047BC15B741F}.Debug|Any CPU.ActiveCfg = Debug|Any CPU
		{9BC5B0A1-60FD-4681-AFD8-047BC15B741F}.Debug|Any CPU.Build.0 = Debug|Any CPU
		{9BC5B0A1-60FD-4681-AFD8-047BC15B741F}.Release|Any CPU.ActiveCfg = Release|Any CPU
		{9BC5B0A1-60FD-4681-AFD8-047BC15B741F}.Release|Any CPU.Build.0 = Release|Any CPU
	EndGlobalSection
	GlobalSection(SolutionProperties) = preSolution
		HideSolutionNode = FALSE
	EndGlobalSection
	GlobalSection(ExtensibilityGlobals) = postSolution
		SolutionGuid = {6F653FB1-9E52-4C4B-AF03-899BB7FAE815}
	EndGlobalSection
EndGlobal
